
Microsoft Visual Studio Solution File, Format Version 12.00
# Visual Studio Version 17
VisualStudioVersion = 17.0.31903.59
MinimumVisualStudioVersion = 10.0.40219.1
Project("{2150E333-8FDC-42A3-9474-1A3956D46DE8}") = "tests", "tests", "{0AB3BF05-4346-4AA6-1389-037BE0695223}"
EndProject
Project("{FAE04EC0-301F-11D3-BF4B-00C04F79EFBC}") = "SQLGuardian.RuleEngine.Tests", "tests\SQLGuardian.RuleEngine.Tests\SQLGuardian.RuleEngine.Tests.csproj", "{C48A5F9F-7ED4-4DAD-BF4B-F68208D6F341}"
EndProject
Project("{2150E333-8FDC-42A3-9474-1A3956D46DE8}") = "src", "src", "{827E0CD3-B72D-47B6-A68D-7590B98EB39B}"
EndProject
Project("{FAE04EC0-301F-11D3-BF4B-00C04F79EFBC}") = "SQLGuardian.Abstractions", "src\SQLGuardian.Abstractions\SQLGuardian.Abstractions.csproj", "{24A16CD8-A8AE-40CD-B405-DF76375D326F}"
EndProject
Project("{FAE04EC0-301F-11D3-BF4B-00C04F79EFBC}") = "SQLGuardian.Domain", "src\SQLGuardian.Domain\SQLGuardian.Domain.csproj", "{A2F24029-63C9-4B5E-A773-F063712C91AA}"
EndProject
Project("{FAE04EC0-301F-11D3-BF4B-00C04F79EFBC}") = "SQLGuardian.ScriptDom", "src\SQLGuardian.ScriptDom\SQLGuardian.ScriptDom.csproj", "{8A80514F-05BA-4DFE-BD91-08A4BEE79467}"
EndProject
Project("{FAE04EC0-301F-11D3-BF4B-00C04F79EFBC}") = "SQLGuardian.RuleEngine", "src\SQLGuardian.RuleEngine\SQLGuardian.RuleEngine.csproj", "{8FAB2BBE-499D-42CD-B0A3-6D26E50CE957}"
EndProject
Project("{FAE04EC0-301F-11D3-BF4B-00C04F79EFBC}") = "SQLGuardian.Cli", "src\SQLGuardian.Cli\SQLGuardian.Cli.csproj", "{B1C69784-89C1-4693-887C-BFD10BDED602}"
EndProject
Project("{FAE04EC0-301F-11D3-BF4B-00C04F79EFBC}") = "SQLGuardian.ScriptDom.Tests", "tests\SQLGuardian.ScriptDom.Tests\SQLGuardian.ScriptDom.Tests.csproj", "{7755F7CF-B897-4C65-A503-CC0265B2B695}"
EndProject
Project("{FAE04EC0-301F-11D3-BF4B-00C04F79EFBC}") = "SQLGuardian.Reporting", "src\SQLGuardian.Reporting\SQLGuardian.Reporting.csproj", "{652961AC-BFEE-4B25-9EC7-76766142D896}"
EndProject
Project("{FAE04EC0-301F-11D3-BF4B-00C04F79EFBC}") = "SQLGuardian.Reporting.Tests", "tests\SQLGuardian.Reporting.Tests\SQLGuardian.Reporting.Tests.csproj", "{4A351EA3-ECC9-4067-AFA5-55F8B881987A}"
EndProject
Project("{FAE04EC0-301F-11D3-BF4B-00C04F79EFBC}") = "SQLGuardian.LanguageServer", "src\SQLGuardian.LanguageServer\SQLGuardian.LanguageServer.csproj", "{96199941-B78E-481A-8A0D-A51385B341EF}"
EndProject
Project("{FAE04EC0-301F-11D3-BF4B-00C04F79EFBC}") = "SQLGuardian.LanguageServer.Tests", "tests\SQLGuardian.LanguageServer.Tests\SQLGuardian.LanguageServer.Tests.csproj", "{968C287A-EDE7-4882-9750-46085CA09660}"
EndProject
Project("{FAE04EC0-301F-11D3-BF4B-00C04F79EFBC}") = "SQLGuardian.Ssms", "src\SQLGuardian.Ssms\SQLGuardian.Ssms.csproj", "{8968C0B2-D442-4876-89DE-4852C7B79C18}"
EndProject
Project("{FAE04EC0-301F-11D3-BF4B-00C04F79EFBC}") = "SQLGuardian.Ssms.Tests", "tests\SQLGuardian.Ssms.Tests\SQLGuardian.Ssms.Tests.csproj", "{984AC29A-05CF-4530-BF02-249C7995D323}"
EndProject
Project("{FAE04EC0-301F-11D3-BF4B-00C04F79EFBC}") = "SQLGuardian.Schema", "src\SQLGuardian.Schema\SQLGuardian.Schema.csproj", "{D9EF00B4-B2CC-4764-8BA0-27DE82E34965}"
EndProject
Project("{FAE04EC0-301F-11D3-BF4B-00C04F79EFBC}") = "SQLGuardian.Schema.Tests", "tests\SQLGuardian.Schema.Tests\SQLGuardian.Schema.Tests.csproj", "{D7783877-2029-4B23-BDEF-CE778DF8B498}"
EndProject
Project("{FAE04EC0-301F-11D3-BF4B-00C04F79EFBC}") = "SQLGuardian.Ssms.Extension", "src\SQLGuardian.Ssms.Extension\SQLGuardian.Ssms.Extension.csproj", "{723125D6-B9D7-43AE-81F9-595AE32C78A6}"
EndProject
Global
	GlobalSection(SolutionConfigurationPlatforms) = preSolution
		Debug|Any CPU = Debug|Any CPU
		Debug|x64 = Debug|x64
		Debug|x86 = Debug|x86
		Release|Any CPU = Release|Any CPU
		Release|x64 = Release|x64
		Release|x86 = Release|x86
	EndGlobalSection
	GlobalSection(ProjectConfigurationPlatforms) = postSolution
		{C48A5F9F-7ED4-4DAD-BF4B-F68208D6F341}.Debug|Any CPU.ActiveCfg = Debug|Any CPU
		{C48A5F9F-7ED4-4DAD-BF4B-F68208D6F341}.Debug|Any CPU.Build.0 = Debug|Any CPU
		{C48A5F9F-7ED4-4DAD-BF4B-F68208D6F341}.Debug|x64.ActiveCfg = Debug|Any CPU
		{C48A5F9F-7ED4-4DAD-BF4B-F68208D6F341}.Debug|x64.Build.0 = Debug|Any CPU
		{C48A5F9F-7ED4-4DAD-BF4B-F68208D6F341}.Debug|x86.ActiveCfg = Debug|Any CPU
		{C48A5F9F-7ED4-4DAD-BF4B-F68208D6F341}.Debug|x86.Build.0 = Debug|Any CPU
		{C48A5F9F-7ED4-4DAD-BF4B-F68208D6F341}.Release|Any CPU.ActiveCfg = Release|Any CPU
		{C48A5F9F-7ED4-4DAD-BF4B-F68208D6F341}.Release|Any CPU.Build.0 = Release|Any CPU
		{C48A5F9F-7ED4-4DAD-BF4B-F68208D6F341}.Release|x64.ActiveCfg = Release|Any CPU
		{C48A5F9F-7ED4-4DAD-BF4B-F68208D6F341}.Release|x64.Build.0 = Release|Any CPU
		{C48A5F9F-7ED4-4DAD-BF4B-F68208D6F341}.Release|x86.ActiveCfg = Release|Any CPU
		{C48A5F9F-7ED4-4DAD-BF4B-F68208D6F341}.Release|x86.Build.0 = Release|Any CPU
		{24A16CD8-A8AE-40CD-B405-DF76375D326F}.Debug|Any CPU.ActiveCfg = Debug|Any CPU
		{24A16CD8-A8AE-40CD-B405-DF76375D326F}.Debug|Any CPU.Build.0 = Debug|Any CPU
		{24A16CD8-A8AE-40CD-B405-DF76375D326F}.Debug|x64.ActiveCfg = Debug|Any CPU
		{24A16CD8-A8AE-40CD-B405-DF76375D326F}.Debug|x64.Build.0 = Debug|Any CPU
		{24A16CD8-A8AE-40CD-B405-DF76375D326F}.Debug|x86.ActiveCfg = Debug|Any CPU
		{24A16CD8-A8AE-40CD-B405-DF76375D326F}.Debug|x86.Build.0 = Debug|Any CPU
		{24A16CD8-A8AE-40CD-B405-DF76375D326F}.Release|Any CPU.ActiveCfg = Release|Any CPU
		{24A16CD8-A8AE-40CD-B405-DF76375D326F}.Release|Any CPU.Build.0 = Release|Any CPU
		{24A16CD8-A8AE-40CD-B405-DF76375D326F}.Release|x64.ActiveCfg = Release|Any CPU
		{24A16CD8-A8AE-40CD-B405-DF76375D326F}.Release|x64.Build.0 = Release|Any CPU
		{24A16CD8-A8AE-40CD-B405-DF76375D326F}.Release|x86.ActiveCfg = Release|Any CPU
		{24A16CD8-A8AE-40CD-B405-DF76375D326F}.Release|x86.Build.0 = Release|Any CPU
		{A2F24029-63C9-4B5E-A773-F063712C91AA}.Debug|Any CPU.ActiveCfg = Debug|Any CPU
		{A2F24029-63C9-4B5E-A773-F063712C91AA}.Debug|Any CPU.Build.0 = Debug|Any CPU
		{A2F24029-63C9-4B5E-A773-F063712C91AA}.Debug|x64.ActiveCfg = Debug|Any CPU
		{A2F24029-63C9-4B5E-A773-F063712C91AA}.Debug|x64.Build.0 = Debug|Any CPU
		{A2F24029-63C9-4B5E-A773-F063712C91AA}.Debug|x86.ActiveCfg = Debug|Any CPU
		{A2F24029-63C9-4B5E-A773-F063712C91AA}.Debug|x86.Build.0 = Debug|Any CPU
		{A2F24029-63C9-4B5E-A773-F063712C91AA}.Release|Any CPU.ActiveCfg = Release|Any CPU
		{A2F24029-63C9-4B5E-A773-F063712C91AA}.Release|Any CPU.Build.0 = Release|Any CPU
		{A2F24029-63C9-4B5E-A773-F063712C91AA}.Release|x64.ActiveCfg = Release|Any CPU
		{A2F24029-63C9-4B5E-A773-F063712C91AA}.Release|x64.Build.0 = Release|Any CPU
		{A2F24029-63C9-4B5E-A773-F063712C91AA}.Release|x86.ActiveCfg = Release|Any CPU
		{A2F24029-63C9-4B5E-A773-F063712C91AA}.Release|x86.Build.0 = Release|Any CPU
		{8A80514F-05BA-4DFE-BD91-08A4BEE79467}.Debug|Any CPU.ActiveCfg = Debug|Any CPU
		{8A80514F-05BA-4DFE-BD91-08A4BEE79467}.Debug|Any CPU.Build.0 = Debug|Any CPU
		{8A80514F-05BA-4DFE-BD91-08A4BEE79467}.Debug|x64.ActiveCfg = Debug|Any CPU
		{8A80514F-05BA-4DFE-BD91-08A4BEE79467}.Debug|x64.Build.0 = Debug|Any CPU
		{8A80514F-05BA-4DFE-BD91-08A4BEE79467}.Debug|x86.ActiveCfg = Debug|Any CPU
		{8A80514F-05BA-4DFE-BD91-08A4BEE79467}.Debug|x86.Build.0 = Debug|Any CPU
		{8A80514F-05BA-4DFE-BD91-08A4BEE79467}.Release|Any CPU.ActiveCfg = Release|Any CPU
		{8A80514F-05BA-4DFE-BD91-08A4BEE79467}.Release|Any CPU.Build.0 = Release|Any CPU
		{8A80514F-05BA-4DFE-BD91-08A4BEE79467}.Release|x64.ActiveCfg = Release|Any CPU
		{8A80514F-05BA-4DFE-BD91-08A4BEE79467}.Release|x64.Build.0 = Release|Any CPU
		{8A80514F-05BA-4DFE-BD91-08A4BEE79467}.Release|x86.ActiveCfg = Release|Any CPU
		{8A80514F-05BA-4DFE-BD91-08A4BEE79467}.Release|x86.Build.0 = Release|Any CPU
		{8FAB2BBE-499D-42CD-B0A3-6D26E50CE957}.Debug|Any CPU.ActiveCfg = Debug|Any CPU
		{8FAB2BBE-499D-42CD-B0A3-6D26E50CE957}.Debug|Any CPU.Build.0 = Debug|Any CPU
		{8FAB2BBE-499D-42CD-B0A3-6D26E50CE957}.Debug|x64.ActiveCfg = Debug|Any CPU
		{8FAB2BBE-499D-42CD-B0A3-6D26E50CE957}.Debug|x64.Build.0 = Debug|Any CPU
		{8FAB2BBE-499D-42CD-B0A3-6D26E50CE957}.Debug|x86.ActiveCfg = Debug|Any CPU
		{8FAB2BBE-499D-42CD-B0A3-6D26E50CE957}.Debug|x86.Build.0 = Debug|Any CPU
		{8FAB2BBE-499D-42CD-B0A3-6D26E50CE957}.Release|Any CPU.ActiveCfg = Release|Any CPU
		{8FAB2BBE-499D-42CD-B0A3-6D26E50CE957}.Release|Any CPU.Build.0 = Release|Any CPU
		{8FAB2BBE-499D-42CD-B0A3-6D26E50CE957}.Release|x64.ActiveCfg = Release|Any CPU
		{8FAB2BBE-499D-42CD-B0A3-6D26E50CE957}.Release|x64.Build.0 = Release|Any CPU
		{8FAB2BBE-499D-42CD-B0A3-6D26E50CE957}.Release|x86.ActiveCfg = Release|Any CPU
		{8FAB2BBE-499D-42CD-B0A3-6D26E50CE957}.Release|x86.Build.0 = Release|Any CPU
		{B1C69784-89C1-4693-887C-BFD10BDED602}.Debug|Any CPU.ActiveCfg = Debug|Any CPU
		{B1C69784-89C1-4693-887C-BFD10BDED602}.Debug|Any CPU.Build.0 = Debug|Any CPU
		{B1C69784-89C1-4693-887C-BFD10BDED602}.Debug|x64.ActiveCfg = Debug|Any CPU
		{B1C69784-89C1-4693-887C-BFD10BDED602}.Debug|x64.Build.0 = Debug|Any CPU
		{B1C69784-89C1-4693-887C-BFD10BDED602}.Debug|x86.ActiveCfg = Debug|Any CPU
		{B1C69784-89C1-4693-887C-BFD10BDED602}.Debug|x86.Build.0 = Debug|Any CPU
		{B1C69784-89C1-4693-887C-BFD10BDED602}.Release|Any CPU.ActiveCfg = Release|Any CPU
		{B1C69784-89C1-4693-887C-BFD10BDED602}.Release|Any CPU.Build.0 = Release|Any CPU
		{B1C69784-89C1-4693-887C-BFD10BDED602}.Release|x64.ActiveCfg = Release|Any CPU
		{B1C69784-89C1-4693-887C-BFD10BDED602}.Release|x64.Build.0 = Release|Any CPU
		{B1C69784-89C1-4693-887C-BFD10BDED602}.Release|x86.ActiveCfg = Release|Any CPU
		{B1C69784-89C1-4693-887C-BFD10BDED602}.Release|x86.Build.0 = Release|Any CPU
		{7755F7CF-B897-4C65-A503-CC0265B2B695}.Debug|Any CPU.ActiveCfg = Debug|Any CPU
		{7755F7CF-B897-4C65-A503-CC0265B2B695}.Debug|Any CPU.Build.0 = Debug|Any CPU
		{7755F7CF-B897-4C65-A503-CC0265B2B695}.Debug|x64.ActiveCfg = Debug|Any CPU
		{7755F7CF-B897-4C65-A503-CC0265B2B695}.Debug|x64.Build.0 = Debug|Any CPU
		{7755F7CF-B897-4C65-A503-CC0265B2B695}.Debug|x86.ActiveCfg = Debug|Any CPU
		{7755F7CF-B897-4C65-A503-CC0265B2B695}.Debug|x86.Build.0 = Debug|Any CPU
		{7755F7CF-B897-4C65-A503-CC0265B2B695}.Release|Any CPU.ActiveCfg = Release|Any CPU
		{7755F7CF-B897-4C65-A503-CC0265B2B695}.Release|Any CPU.Build.0 = Release|Any CPU
		{7755F7CF-B897-4C65-A503-CC0265B2B695}.Release|x64.ActiveCfg = Release|Any CPU
		{7755F7CF-B897-4C65-A503-CC0265B2B695}.Release|x64.Build.0 = Release|Any CPU
		{7755F7CF-B897-4C65-A503-CC0265B2B695}.Release|x86.ActiveCfg = Release|Any CPU
		{7755F7CF-B897-4C65-A503-CC0265B2B695}.Release|x86.Build.0 = Release|Any CPU
		{652961AC-BFEE-4B25-9EC7-76766142D896}.Debug|Any CPU.ActiveCfg = Debug|Any CPU
		{652961AC-BFEE-4B25-9EC7-76766142D896}.Debug|Any CPU.Build.0 = Debug|Any CPU
		{652961AC-BFEE-4B25-9EC7-76766142D896}.Debug|x64.ActiveCfg = Debug|Any CPU
		{652961AC-BFEE-4B25-9EC7-76766142D896}.Debug|x64.Build.0 = Debug|Any CPU
		{652961AC-BFEE-4B25-9EC7-76766142D896}.Debug|x86.ActiveCfg = Debug|Any CPU
		{652961AC-BFEE-4B25-9EC7-76766142D896}.Debug|x86.Build.0 = Debug|Any CPU
		{652961AC-BFEE-4B25-9EC7-76766142D896}.Release|Any CPU.ActiveCfg = Release|Any CPU
		{652961AC-BFEE-4B25-9EC7-76766142D896}.Release|Any CPU.Build.0 = Release|Any CPU
		{652961AC-BFEE-4B25-9EC7-76766142D896}.Release|x64.ActiveCfg = Release|Any CPU
		{652961AC-BFEE-4B25-9EC7-76766142D896}.Release|x64.Build.0 = Release|Any CPU
		{652961AC-BFEE-4B25-9EC7-76766142D896}.Release|x86.ActiveCfg = Release|Any CPU
		{652961AC-BFEE-4B25-9EC7-76766142D896}.Release|x86.Build.0 = Release|Any CPU
		{4A351EA3-ECC9-4067-AFA5-55F8B881987A}.Debug|Any CPU.ActiveCfg = Debug|Any CPU
		{4A351EA3-ECC9-4067-AFA5-55F8B881987A}.Debug|Any CPU.Build.0 = Debug|Any CPU
		{4A351EA3-ECC9-4067-AFA5-55F8B881987A}.Debug|x64.ActiveCfg = Debug|Any CPU
		{4A351EA3-ECC9-4067-AFA5-55F8B881987A}.Debug|x64.Build.0 = Debug|Any CPU
		{4A351EA3-ECC9-4067-AFA5-55F8B881987A}.Debug|x86.ActiveCfg = Debug|Any CPU
		{4A351EA3-ECC9-4067-AFA5-55F8B881987A}.Debug|x86.Build.0 = Debug|Any CPU
		{4A351EA3-ECC9-4067-AFA5-55F8B881987A}.Release|Any CPU.ActiveCfg = Release|Any CPU
		{4A351EA3-ECC9-4067-AFA5-55F8B881987A}.Release|Any CPU.Build.0 = Release|Any CPU
		{4A351EA3-ECC9-4067-AFA5-55F8B881987A}.Release|x64.ActiveCfg = Release|Any CPU
		{4A351EA3-ECC9-4067-AFA5-55F8B881987A}.Release|x64.Build.0 = Release|Any CPU
		{4A351EA3-ECC9-4067-AFA5-55F8B881987A}.Release|x86.ActiveCfg = Release|Any CPU
		{4A351EA3-ECC9-4067-AFA5-55F8B881987A}.Release|x86.Build.0 = Release|Any CPU
		{96199941-B78E-481A-8A0D-A51385B341EF}.Debug|Any CPU.ActiveCfg = Debug|Any CPU
		{96199941-B78E-481A-8A0D-A51385B341EF}.Debug|Any CPU.Build.0 = Debug|Any CPU
		{96199941-B78E-481A-8A0D-A51385B341EF}.Debug|x64.ActiveCfg = Debug|Any CPU
		{96199941-B78E-481A-8A0D-A51385B341EF}.Debug|x64.Build.0 = Debug|Any CPU
		{96199941-B78E-481A-8A0D-A51385B341EF}.Debug|x86.ActiveCfg = Debug|Any CPU
		{96199941-B78E-481A-8A0D-A51385B341EF}.Debug|x86.Build.0 = Debug|Any CPU
		{96199941-B78E-481A-8A0D-A51385B341EF}.Release|Any CPU.ActiveCfg = Release|Any CPU
		{96199941-B78E-481A-8A0D-A51385B341EF}.Release|Any CPU.Build.0 = Release|Any CPU
		{96199941-B78E-481A-8A0D-A51385B341EF}.Release|x64.ActiveCfg = Release|Any CPU
		{96199941-B78E-481A-8A0D-A51385B341EF}.Release|x64.Build.0 = Release|Any CPU
		{96199941-B78E-481A-8A0D-A51385B341EF}.Release|x86.ActiveCfg = Release|Any CPU
		{96199941-B78E-481A-8A0D-A51385B341EF}.Release|x86.Build.0 = Release|Any CPU
		{968C287A-EDE7-4882-9750-46085CA09660}.Debug|Any CPU.ActiveCfg = Debug|Any CPU
		{968C287A-EDE7-4882-9750-46085CA09660}.Debug|Any CPU.Build.0 = Debug|Any CPU
		{968C287A-EDE7-4882-9750-46085CA09660}.Debug|x64.ActiveCfg = Debug|Any CPU
		{968C287A-EDE7-4882-9750-46085CA09660}.Debug|x64.Build.0 = Debug|Any CPU
		{968C287A-EDE7-4882-9750-46085CA09660}.Debug|x86.ActiveCfg = Debug|Any CPU
		{968C287A-EDE7-4882-9750-46085CA09660}.Debug|x86.Build.0 = Debug|Any CPU
		{968C287A-EDE7-4882-9750-46085CA09660}.Release|Any CPU.ActiveCfg = Release|Any CPU
		{968C287A-EDE7-4882-9750-46085CA09660}.Release|Any CPU.Build.0 = Release|Any CPU
		{968C287A-EDE7-4882-9750-46085CA09660}.Release|x64.ActiveCfg = Release|Any CPU
		{968C287A-EDE7-4882-9750-46085CA09660}.Release|x64.Build.0 = Release|Any CPU
		{968C287A-EDE7-4882-9750-46085CA09660}.Release|x86.ActiveCfg = Release|Any CPU
		{968C287A-EDE7-4882-9750-46085CA09660}.Release|x86.Build.0 = Release|Any CPU
		{8968C0B2-D442-4876-89DE-4852C7B79C18}.Debug|Any CPU.ActiveCfg = Debug|Any CPU
		{8968C0B2-D442-4876-89DE-4852C7B79C18}.Debug|Any CPU.Build.0 = Debug|Any CPU
		{8968C0B2-D442-4876-89DE-4852C7B79C18}.Debug|x64.ActiveCfg = Debug|Any CPU
		{8968C0B2-D442-4876-89DE-4852C7B79C18}.Debug|x64.Build.0 = Debug|Any CPU
		{8968C0B2-D442-4876-89DE-4852C7B79C18}.Debug|x86.ActiveCfg = Debug|Any CPU
		{8968C0B2-D442-4876-89DE-4852C7B79C18}.Debug|x86.Build.0 = Debug|Any CPU
		{8968C0B2-D442-4876-89DE-4852C7B79C18}.Release|Any CPU.ActiveCfg = Release|Any CPU
		{8968C0B2-D442-4876-89DE-4852C7B79C18}.Release|Any CPU.Build.0 = Release|Any CPU
		{8968C0B2-D442-4876-89DE-4852C7B79C18}.Release|x64.ActiveCfg = Release|Any CPU
		{8968C0B2-D442-4876-89DE-4852C7B79C18}.Release|x64.Build.0 = Release|Any CPU
		{8968C0B2-D442-4876-89DE-4852C7B79C18}.Release|x86.ActiveCfg = Release|Any CPU
		{8968C0B2-D442-4876-89DE-4852C7B79C18}.Release|x86.Build.0 = Release|Any CPU
		{984AC29A-05CF-4530-BF02-249C7995D323}.Debug|Any CPU.ActiveCfg = Debug|Any CPU
		{984AC29A-05CF-4530-BF02-249C7995D323}.Debug|Any CPU.Build.0 = Debug|Any CPU
		{984AC29A-05CF-4530-BF02-249C7995D323}.Debug|x64.ActiveCfg = Debug|Any CPU
		{984AC29A-05CF-4530-BF02-249C7995D323}.Debug|x64.Build.0 = Debug|Any CPU
		{984AC29A-05CF-4530-BF02-249C7995D323}.Debug|x86.ActiveCfg = Debug|Any CPU
		{984AC29A-05CF-4530-BF02-249C7995D323}.Debug|x86.Build.0 = Debug|Any CPU
		{984AC29A-05CF-4530-BF02-249C7995D323}.Release|Any CPU.ActiveCfg = Release|Any CPU
		{984AC29A-05CF-4530-BF02-249C7995D323}.Release|Any CPU.Build.0 = Release|Any CPU
		{984AC29A-05CF-4530-BF02-249C7995D323}.Release|x64.ActiveCfg = Release|Any CPU
		{984AC29A-05CF-4530-BF02-249C7995D323}.Release|x64.Build.0 = Release|Any CPU
		{984AC29A-05CF-4530-BF02-249C7995D323}.Release|x86.ActiveCfg = Release|Any CPU
		{984AC29A-05CF-4530-BF02-249C7995D323}.Release|x86.Build.0 = Release|Any CPU
		{D9EF00B4-B2CC-4764-8BA0-27DE82E34965}.Debug|Any CPU.ActiveCfg = Debug|Any CPU
		{D9EF00B4-B2CC-4764-8BA0-27DE82E34965}.Debug|Any CPU.Build.0 = Debug|Any CPU
		{D9EF00B4-B2CC-4764-8BA0-27DE82E34965}.Debug|x64.ActiveCfg = Debug|Any CPU
		{D9EF00B4-B2CC-4764-8BA0-27DE82E34965}.Debug|x64.Build.0 = Debug|Any CPU
		{D9EF00B4-B2CC-4764-8BA0-27DE82E34965}.Debug|x86.ActiveCfg = Debug|Any CPU
		{D9EF00B4-B2CC-4764-8BA0-27DE82E34965}.Debug|x86.Build.0 = Debug|Any CPU
		{D9EF00B4-B2CC-4764-8BA0-27DE82E34965}.Release|Any CPU.ActiveCfg = Release|Any CPU
		{D9EF00B4-B2CC-4764-8BA0-27DE82E34965}.Release|Any CPU.Build.0 = Release|Any CPU
		{D9EF00B4-B2CC-4764-8BA0-27DE82E34965}.Release|x64.ActiveCfg = Release|Any CPU
		{D9EF00B4-B2CC-4764-8BA0-27DE82E34965}.Release|x64.Build.0 = Release|Any CPU
		{D9EF00B4-B2CC-4764-8BA0-27DE82E34965}.Release|x86.ActiveCfg = Release|Any CPU
		{D9EF00B4-B2CC-4764-8BA0-27DE82E34965}.Release|x86.Build.0 = Release|Any CPU
		{D7783877-2029-4B23-BDEF-CE778DF8B498}.Debug|Any CPU.ActiveCfg = Debug|Any CPU
		{D7783877-2029-4B23-BDEF-CE778DF8B498}.Debug|Any CPU.Build.0 = Debug|Any CPU
		{D7783877-2029-4B23-BDEF-CE778DF8B498}.Debug|x64.ActiveCfg = Debug|Any CPU
		{D7783877-2029-4B23-BDEF-CE778DF8B498}.Debug|x64.Build.0 = Debug|Any CPU
		{D7783877-2029-4B23-BDEF-CE778DF8B498}.Debug|x86.ActiveCfg = Debug|Any CPU
		{D7783877-2029-4B23-BDEF-CE778DF8B498}.Debug|x86.Build.0 = Debug|Any CPU
		{D7783877-2029-4B23-BDEF-CE778DF8B498}.Release|Any CPU.ActiveCfg = Release|Any CPU
		{D7783877-2029-4B23-BDEF-CE778DF8B498}.Release|Any CPU.Build.0 = Release|Any CPU
		{D7783877-2029-4B23-BDEF-CE778DF8B498}.Release|x64.ActiveCfg = Release|Any CPU
		{D7783877-2029-4B23-BDEF-CE778DF8B498}.Release|x64.Build.0 = Release|Any CPU
		{D7783877-2029-4B23-BDEF-CE778DF8B498}.Release|x86.ActiveCfg = Release|Any CPU
		{D7783877-2029-4B23-BDEF-CE778DF8B498}.Release|x86.Build.0 = Release|Any CPU
		{723125D6-B9D7-43AE-81F9-595AE32C78A6}.Debug|Any CPU.ActiveCfg = Debug|Any CPU
		{723125D6-B9D7-43AE-81F9-595AE32C78A6}.Debug|Any CPU.Build.0 = Debug|Any CPU
		{723125D6-B9D7-43AE-81F9-595AE32C78A6}.Debug|x64.ActiveCfg = Debug|Any CPU
		{723125D6-B9D7-43AE-81F9-595AE32C78A6}.Debug|x64.Build.0 = Debug|Any CPU
		{723125D6-B9D7-43AE-81F9-595AE32C78A6}.Debug|x86.ActiveCfg = Debug|Any CPU
		{723125D6-B9D7-43AE-81F9-595AE32C78A6}.Debug|x86.Build.0 = Debug|Any CPU
		{723125D6-B9D7-43AE-81F9-595AE32C78A6}.Release|Any CPU.ActiveCfg = Release|Any CPU
		{723125D6-B9D7-43AE-81F9-595AE32C78A6}.Release|Any CPU.Build.0 = Release|Any CPU
		{723125D6-B9D7-43AE-81F9-595AE32C78A6}.Release|x64.ActiveCfg = Release|Any CPU
		{723125D6-B9D7-43AE-81F9-595AE32C78A6}.Release|x64.Build.0 = Release|Any CPU
		{723125D6-B9D7-43AE-81F9-595AE32C78A6}.Release|x86.ActiveCfg = Release|Any CPU
		{723125D6-B9D7-43AE-81F9-595AE32C78A6}.Release|x86.Build.0 = Release|Any CPU
	EndGlobalSection
	GlobalSection(SolutionProperties) = preSolution
		HideSolutionNode = FALSE
	EndGlobalSection
	GlobalSection(NestedProjects) = preSolution
		{C48A5F9F-7ED4-4DAD-BF4B-F68208D6F341} = {0AB3BF05-4346-4AA6-1389-037BE0695223}
		{24A16CD8-A8AE-40CD-B405-DF76375D326F} = {827E0CD3-B72D-47B6-A68D-7590B98EB39B}
		{A2F24029-63C9-4B5E-A773-F063712C91AA} = {827E0CD3-B72D-47B6-A68D-7590B98EB39B}
		{8A80514F-05BA-4DFE-BD91-08A4BEE79467} = {827E0CD3-B72D-47B6-A68D-7590B98EB39B}
		{8FAB2BBE-499D-42CD-B0A3-6D26E50CE957} = {827E0CD3-B72D-47B6-A68D-7590B98EB39B}
		{B1C69784-89C1-4693-887C-BFD10BDED602} = {827E0CD3-B72D-47B6-A68D-7590B98EB39B}
		{7755F7CF-B897-4C65-A503-CC0265B2B695} = {0AB3BF05-4346-4AA6-1389-037BE0695223}
		{652961AC-BFEE-4B25-9EC7-76766142D896} = {827E0CD3-B72D-47B6-A68D-7590B98EB39B}
		{4A351EA3-ECC9-4067-AFA5-55F8B881987A} = {0AB3BF05-4346-4AA6-1389-037BE0695223}
		{96199941-B78E-481A-8A0D-A51385B341EF} = {827E0CD3-B72D-47B6-A68D-7590B98EB39B}
		{968C287A-EDE7-4882-9750-46085CA09660} = {0AB3BF05-4346-4AA6-1389-037BE0695223}
		{8968C0B2-D442-4876-89DE-4852C7B79C18} = {827E0CD3-B72D-47B6-A68D-7590B98EB39B}
		{984AC29A-05CF-4530-BF02-249C7995D323} = {0AB3BF05-4346-4AA6-1389-037BE0695223}
		{D9EF00B4-B2CC-4764-8BA0-27DE82E34965} = {827E0CD3-B72D-47B6-A68D-7590B98EB39B}
		{D7783877-2029-4B23-BDEF-CE778DF8B498} = {0AB3BF05-4346-4AA6-1389-037BE0695223}
		{723125D6-B9D7-43AE-81F9-595AE32C78A6} = {827E0CD3-B72D-47B6-A68D-7590B98EB39B}
	EndGlobalSection
EndGlobal
